
Microsoft Visual Studio Solution File, Format Version 12.00
# Visual Studio Version 16
VisualStudioVersion = 16.0.31911.196
MinimumVisualStudioVersion = 10.0.40219.1
Project("{FAE04EC0-301F-11D3-BF4B-00C04F79EFBC}") = "FSM3", "FSM3.csproj", "{375462F0-1D57-4DA9-903E-92EB27F0E634}"
EndProject
Global
	GlobalSection(SolutionConfigurationPlatforms) = preSolution
		Debug|Any CPU = Debug|Any CPU
		Release|Any CPU = Release|Any CPU
	EndGlobalSection
	GlobalSection(ProjectConfigurationPlatforms) = postSolution
		{375462F0-1D57-4DA9-903E-92EB27F0E634}.Debug|Any CPU.ActiveCfg = Debug|Any CPU
		{375462F0-1D57-4DA9-903E-92EB27F0E634}.Debug|Any CPU.Build.0 = Debug|Any CPU
		{375462F0-1D57-4DA9-903E-92EB27F0E634}.Release|Any CPU.ActiveCfg = Release|Any CPU
		{375462F0-1D57-4DA9-903E-92EB27F0E634}.Release|Any CPU.Build.0 = Release|Any CPU
	EndGlobalSection
	GlobalSection(SolutionProperties) = preSolution
		HideSolutionNode = FALSE
	EndGlobalSection
	GlobalSection(ExtensibilityGlobals) = postSolution
		SolutionGuid = {F719A821-CDF7-4E3F-A896-6E61E2A57407}
	EndGlobalSection
EndGlobal
